
Microsoft Visual Studio Solution File, Format Version 12.00
Project("{FAE04EC0-301F-11D3-BF4B-00C04F79EFBC}") = "PSOMapRNGSimulation", "src/PSOMapRNGSimulation.csproj", "{1E06946E-ED4C-4B13-B9F4-2F628933DBCB}"
EndProject
Project("{FAE04EC0-301F-11D3-BF4B-00C04F79EFBC}") = "PSOMapRNGSimulation.Tests", "tests\PSOMapRNGSimulation.Tests.csproj", "{BB8D5E0D-543C-4793-9B77-27FA10F8C788}"
EndProject
Global
	GlobalSection(SolutionConfigurationPlatforms) = preSolution
		Debug|Any CPU = Debug|Any CPU
		Release|Any CPU = Release|Any CPU
	EndGlobalSection
	GlobalSection(ProjectConfigurationPlatforms) = postSolution
		{1E06946E-ED4C-4B13-B9F4-2F628933DBCB}.Debug|Any CPU.ActiveCfg = Debug|Any CPU
		{1E06946E-ED4C-4B13-B9F4-2F628933DBCB}.Debug|Any CPU.Build.0 = Debug|Any CPU
		{1E06946E-ED4C-4B13-B9F4-2F628933DBCB}.Release|Any CPU.ActiveCfg = Release|Any CPU
		{1E06946E-ED4C-4B13-B9F4-2F628933DBCB}.Release|Any CPU.Build.0 = Release|Any CPU
		{BB8D5E0D-543C-4793-9B77-27FA10F8C788}.Debug|Any CPU.ActiveCfg = Debug|Any CPU
		{BB8D5E0D-543C-4793-9B77-27FA10F8C788}.Debug|Any CPU.Build.0 = Debug|Any CPU
		{BB8D5E0D-543C-4793-9B77-27FA10F8C788}.Release|Any CPU.ActiveCfg = Release|Any CPU
		{BB8D5E0D-543C-4793-9B77-27FA10F8C788}.Release|Any CPU.Build.0 = Release|Any CPU
	EndGlobalSection
EndGlobal
